
Microsoft Visual Studio Solution File, Format Version 12.00
# Visual Studio Version 16
VisualStudioVersion = 16.0.31402.337
MinimumVisualStudioVersion = 10.0.40219.1
Project("{FAE04EC0-301F-11D3-BF4B-00C04F79EFBC}") = "Mc2.Wise.NetStandard", "Mc2.Wise.NetStandard\Mc2.Wise.NetStandard.csproj", "{38A3FB6A-8B56-4FC2-9ADC-5375F932DE45}"
EndProject
Project("{FAE04EC0-301F-11D3-BF4B-00C04F79EFBC}") = "Mc2.Wise.NetStandard.Tests", "Mc2.Wise.NetStandard.Tests\Mc2.Wise.NetStandard.Tests.csproj", "{F4A8CE4A-91B9-49A6-B3A8-2EE0DA5B33E0}"
EndProject
Global
	GlobalSection(SolutionConfigurationPlatforms) = preSolution
		Debug|Any CPU = Debug|Any CPU
		Release|Any CPU = Release|Any CPU
	EndGlobalSection
	GlobalSection(ProjectConfigurationPlatforms) = postSolution
		{38A3FB6A-8B56-4FC2-9ADC-5375F932DE45}.Debug|Any CPU.ActiveCfg = Debug|Any CPU
		{38A3FB6A-8B56-4FC2-9ADC-5375F932DE45}.Debug|Any CPU.Build.0 = Debug|Any CPU
		{38A3FB6A-8B56-4FC2-9ADC-5375F932DE45}.Release|Any CPU.ActiveCfg = Release|Any CPU
		{38A3FB6A-8B56-4FC2-9ADC-5375F932DE45}.Release|Any CPU.Build.0 = Release|Any CPU
		{F4A8CE4A-91B9-49A6-B3A8-2EE0DA5B33E0}.Debug|Any CPU.ActiveCfg = Debug|Any CPU
		{F4A8CE4A-91B9-49A6-B3A8-2EE0DA5B33E0}.Debug|Any CPU.Build.0 = Debug|Any CPU
		{F4A8CE4A-91B9-49A6-B3A8-2EE0DA5B33E0}.Release|Any CPU.ActiveCfg = Release|Any CPU
		{F4A8CE4A-91B9-49A6-B3A8-2EE0DA5B33E0}.Release|Any CPU.Build.0 = Release|Any CPU
	EndGlobalSection
	GlobalSection(SolutionProperties) = preSolution
		HideSolutionNode = FALSE
	EndGlobalSection
	GlobalSection(ExtensibilityGlobals) = postSolution
		SolutionGuid = {5025F031-8E55-4964-8B1B-166DBAD7FC65}
	EndGlobalSection
EndGlobal
